
Microsoft Visual Studio Solution File, Format Version 12.00
# Visual Studio Version 17
VisualStudioVersion = 17.8.34309.116
MinimumVisualStudioVersion = 10.0.40219.1
Project("{FAE04EC0-301F-11D3-BF4B-00C04F79EFBC}") = "MyWebAppBikram", "MyWebAppBikram\MyWebAppBikram.csproj", "{765137CB-CA87-4D8F-AF29-D08F2DF923A7}"
EndProject
Global
	GlobalSection(SolutionConfigurationPlatforms) = preSolution
		Debug|Any CPU = Debug|Any CPU
		Release|Any CPU = Release|Any CPU
	EndGlobalSection
	GlobalSection(ProjectConfigurationPlatforms) = postSolution
		{765137CB-CA87-4D8F-AF29-D08F2DF923A7}.Debug|Any CPU.ActiveCfg = Debug|Any CPU
		{765137CB-CA87-4D8F-AF29-D08F2DF923A7}.Debug|Any CPU.Build.0 = Debug|Any CPU
		{765137CB-CA87-4D8F-AF29-D08F2DF923A7}.Release|Any CPU.ActiveCfg = Release|Any CPU
		{765137CB-CA87-4D8F-AF29-D08F2DF923A7}.Release|Any CPU.Build.0 = Release|Any CPU
	EndGlobalSection
	GlobalSection(SolutionProperties) = preSolution
		HideSolutionNode = FALSE
	EndGlobalSection
	GlobalSection(ExtensibilityGlobals) = postSolution
		SolutionGuid = {D423B6AC-E434-4A9D-8247-945C2ED16356}
	EndGlobalSection
EndGlobal
